
Microsoft Visual Studio Solution File, Format Version 12.00
# Visual Studio Version 17
VisualStudioVersion = 17.14.36310.24 d17.14
MinimumVisualStudioVersion = 10.0.40219.1
Project("{FAE04EC0-301F-11D3-BF4B-00C04F79EFBC}") = "AuthService", "AuthService.csproj", "{30A642DF-4742-49DE-9125-34C74A546485}"
EndProject
Global
	GlobalSection(SolutionConfigurationPlatforms) = preSolution
		Debug|Any CPU = Debug|Any CPU
		Release|Any CPU = Release|Any CPU
	EndGlobalSection
	GlobalSection(ProjectConfigurationPlatforms) = postSolution
		{30A642DF-4742-49DE-9125-34C74A546485}.Debug|Any CPU.ActiveCfg = Debug|Any CPU
		{30A642DF-4742-49DE-9125-34C74A546485}.Debug|Any CPU.Build.0 = Debug|Any CPU
		{30A642DF-4742-49DE-9125-34C74A546485}.Release|Any CPU.ActiveCfg = Release|Any CPU
		{30A642DF-4742-49DE-9125-34C74A546485}.Release|Any CPU.Build.0 = Release|Any CPU
	EndGlobalSection
	GlobalSection(SolutionProperties) = preSolution
		HideSolutionNode = FALSE
	EndGlobalSection
	GlobalSection(ExtensibilityGlobals) = postSolution
		SolutionGuid = {8519EBF1-EB47-45AB-B7BF-138A18DD13CE}
	EndGlobalSection
EndGlobal
