
Microsoft Visual Studio Solution File, Format Version 12.00
# Visual Studio Version 17
VisualStudioVersion = 17.14.36310.24 d17.14
MinimumVisualStudioVersion = 10.0.40219.1
Project("{FAE04EC0-301F-11D3-BF4B-00C04F79EFBC}") = "DoctorService.API", "DoctorService.API\DoctorService.API.csproj", "{1CA1AE3C-6E49-49FC-97A6-BC776AF8401D}"
EndProject
Project("{FAE04EC0-301F-11D3-BF4B-00C04F79EFBC}") = "DoctorService.Application", "DoctorService.Application\DoctorService.Application.csproj", "{6CD9B6B8-5545-498D-B3B6-7F9CFD1BD370}"
EndProject
Project("{FAE04EC0-301F-11D3-BF4B-00C04F79EFBC}") = "Doctor.Domain", "Doctor.Domain\Doctor.Domain.csproj", "{2CCA7F79-ABB4-44BB-BE2C-58D8F98FCCDE}"
EndProject
Project("{FAE04EC0-301F-11D3-BF4B-00C04F79EFBC}") = "Doctor.Infrastructure", "Doctor.Infrastructure\Doctor.Infrastructure.csproj", "{A03A0FC3-2B76-43F5-A5FD-21B475754C67}"
EndProject
Global
	GlobalSection(SolutionConfigurationPlatforms) = preSolution
		Debug|Any CPU = Debug|Any CPU
		Release|Any CPU = Release|Any CPU
	EndGlobalSection
	GlobalSection(ProjectConfigurationPlatforms) = postSolution
		{1CA1AE3C-6E49-49FC-97A6-BC776AF8401D}.Debug|Any CPU.ActiveCfg = Debug|Any CPU
		{1CA1AE3C-6E49-49FC-97A6-BC776AF8401D}.Debug|Any CPU.Build.0 = Debug|Any CPU
		{1CA1AE3C-6E49-49FC-97A6-BC776AF8401D}.Release|Any CPU.ActiveCfg = Release|Any CPU
		{1CA1AE3C-6E49-49FC-97A6-BC776AF8401D}.Release|Any CPU.Build.0 = Release|Any CPU
		{6CD9B6B8-5545-498D-B3B6-7F9CFD1BD370}.Debug|Any CPU.ActiveCfg = Debug|Any CPU
		{6CD9B6B8-5545-498D-B3B6-7F9CFD1BD370}.Debug|Any CPU.Build.0 = Debug|Any CPU
		{6CD9B6B8-5545-498D-B3B6-7F9CFD1BD370}.Release|Any CPU.ActiveCfg = Release|Any CPU
		{6CD9B6B8-5545-498D-B3B6-7F9CFD1BD370}.Release|Any CPU.Build.0 = Release|Any CPU
		{2CCA7F79-ABB4-44BB-BE2C-58D8F98FCCDE}.Debug|Any CPU.ActiveCfg = Debug|Any CPU
		{2CCA7F79-ABB4-44BB-BE2C-58D8F98FCCDE}.Debug|Any CPU.Build.0 = Debug|Any CPU
		{2CCA7F79-ABB4-44BB-BE2C-58D8F98FCCDE}.Release|Any CPU.ActiveCfg = Release|Any CPU
		{2CCA7F79-ABB4-44BB-BE2C-58D8F98FCCDE}.Release|Any CPU.Build.0 = Release|Any CPU
		{A03A0FC3-2B76-43F5-A5FD-21B475754C67}.Debug|Any CPU.ActiveCfg = Debug|Any CPU
		{A03A0FC3-2B76-43F5-A5FD-21B475754C67}.Debug|Any CPU.Build.0 = Debug|Any CPU
		{A03A0FC3-2B76-43F5-A5FD-21B475754C67}.Release|Any CPU.ActiveCfg = Release|Any CPU
		{A03A0FC3-2B76-43F5-A5FD-21B475754C67}.Release|Any CPU.Build.0 = Release|Any CPU
	EndGlobalSection
	GlobalSection(SolutionProperties) = preSolution
		HideSolutionNode = FALSE
	EndGlobalSection
	GlobalSection(ExtensibilityGlobals) = postSolution
		SolutionGuid = {A168E472-99B7-4607-8EB3-B26121B2BE62}
	EndGlobalSection
EndGlobal
